{
  "name": "twitch-notifier-something",
  "version": "1.0.0",
  "lockfileVersion": 3,
  "requires": true,
  "packages": {
    "": {
      "name": "twitch-notifier-something",
      "version": "1.0.0",
      "license": "ISC",
      "devDependencies": {
        "chrome-types": "^0.1.434"
      }
    },
    "node_modules/chrome-types": {
      "version": "0.1.434",
      "resolved": "https://npm.keepsolid.com/chrome-types/-/chrome-types-0.1.434.tgz",
      "integrity": "sha512-59hJuPxIEFZEhM8WmbzQJQtdRdMGVFzCVQgteBTsCt//tkCVJgr/W/MA3B++eLApibSf5vFP1/Zvbvv5HK6LYw==",
      "dev": true,
      "license": "Apache-2.0"
    }
  }
}
